Microsoft Visual Studio Solution File, Format Version 11.00
# Visual Studio 2008

Project("{39FAAAE8-B5B5-DE5F-F75C-F0B0EE74518F}") = "Fyp 29-05-2015 rewrited rerender list", "Assembly-CSharp-firstpass.csproj", "{A1FA38AF-269E-9AA7-1D7E-734B11769CDE}"
EndProject
Project("{39FAAAE8-B5B5-DE5F-F75C-F0B0EE74518F}") = "Fyp 29-05-2015 rewrited rerender list", "Assembly-CSharp.csproj", "{3C89B333-7099-59B2-AB62-5A23E7546F00}"
EndProject
Project("{39FAAAE8-B5B5-DE5F-F75C-F0B0EE74518F}") = "Fyp 29-05-2015 rewrited rerender list", "Assembly-UnityScript-firstpass.unityproj", "{14071338-0E83-EA0D-AC53-F19EB24100CA}"
EndProject
Project("{39FAAAE8-B5B5-DE5F-F75C-F0B0EE74518F}") = "Fyp 29-05-2015 rewrited rerender list", "Assembly-UnityScript.unityproj", "{6DD97B7F-CE34-D96A-E4C4-C839EEDB6BAB}"
EndProject
Global
	GlobalSection(SolutionConfigurationPlatforms) = preSolution
		Debug|Any CPU = Debug|Any CPU
		Release|Any CPU = Release|Any CPU
	EndGlobalSection
	GlobalSection(ProjectConfigurationPlatforms) = postSolution
		{A1FA38AF-269E-9AA7-1D7E-734B11769CDE}.Debug|Any CPU.ActiveCfg = Debug|Any CPU
		{A1FA38AF-269E-9AA7-1D7E-734B11769CDE}.Debug|Any CPU.Build.0 = Debug|Any CPU
		{A1FA38AF-269E-9AA7-1D7E-734B11769CDE}.Release|Any CPU.ActiveCfg = Release|Any CPU
		{A1FA38AF-269E-9AA7-1D7E-734B11769CDE}.Release|Any CPU.Build.0 = Release|Any CPU
		{3C89B333-7099-59B2-AB62-5A23E7546F00}.Debug|Any CPU.ActiveCfg = Debug|Any CPU
		{3C89B333-7099-59B2-AB62-5A23E7546F00}.Debug|Any CPU.Build.0 = Debug|Any CPU
		{3C89B333-7099-59B2-AB62-5A23E7546F00}.Release|Any CPU.ActiveCfg = Release|Any CPU
		{3C89B333-7099-59B2-AB62-5A23E7546F00}.Release|Any CPU.Build.0 = Release|Any CPU
		{14071338-0E83-EA0D-AC53-F19EB24100CA}.Debug|Any CPU.ActiveCfg = Debug|Any CPU
		{14071338-0E83-EA0D-AC53-F19EB24100CA}.Debug|Any CPU.Build.0 = Debug|Any CPU
		{14071338-0E83-EA0D-AC53-F19EB24100CA}.Release|Any CPU.ActiveCfg = Release|Any CPU
		{14071338-0E83-EA0D-AC53-F19EB24100CA}.Release|Any CPU.Build.0 = Release|Any CPU
		{6DD97B7F-CE34-D96A-E4C4-C839EEDB6BAB}.Debug|Any CPU.ActiveCfg = Debug|Any CPU
		{6DD97B7F-CE34-D96A-E4C4-C839EEDB6BAB}.Debug|Any CPU.Build.0 = Debug|Any CPU
		{6DD97B7F-CE34-D96A-E4C4-C839EEDB6BAB}.Release|Any CPU.ActiveCfg = Release|Any CPU
		{6DD97B7F-CE34-D96A-E4C4-C839EEDB6BAB}.Release|Any CPU.Build.0 = Release|Any CPU
	EndGlobalSection
	GlobalSection(SolutionProperties) = preSolution
		HideSolutionNode = FALSE
	EndGlobalSection
		GlobalSection(MonoDevelopProperties) = preSolution
		StartupItem = Assembly-CSharp.csproj
		Policies = $0
		$0.TextStylePolicy = $1
		$1.inheritsSet = null
		$1.scope = text/x-csharp
		$0.CSharpFormattingPolicy = $2
		$2.inheritsSet = Mono
		$2.inheritsScope = text/x-csharp
		$2.scope = text/x-csharp
		$0.TextStylePolicy = $3
		$3.FileWidth = 120
		$3.TabWidth = 4
		$3.EolMarker = Unix
		$3.inheritsSet = Mono
		$3.inheritsScope = text/plain
		$3.scope = text/plain
	EndGlobalSection

EndGlobal
