Microsoft Visual Studio Solution File, Format Version 11.00
# Visual Studio 2008

Project("{8C303304-2A52-DA44-F367-C06622817FA7}") = "Fyp 19-1-2015 2012 skill start", "Assembly-CSharp-firstpass.csproj", "{45FC556E-3DC9-B9AE-3534-7DF929802128}"
EndProject
Project("{8C303304-2A52-DA44-F367-C06622817FA7}") = "Fyp 19-1-2015 2012 skill start", "Assembly-CSharp.csproj", "{DE43098A-EC41-D233-DCF4-AC6CA345FAC1}"
EndProject
Project("{8C303304-2A52-DA44-F367-C06622817FA7}") = "Fyp 19-1-2015 2012 skill start", "Assembly-UnityScript-firstpass.unityproj", "{B962F7F1-89A0-CD09-4796-3C738ED72C87}"
EndProject
Project("{8C303304-2A52-DA44-F367-C06622817FA7}") = "Fyp 19-1-2015 2012 skill start", "Assembly-UnityScript.unityproj", "{47600A9F-F9E0-003C-3CA8-DF6356CB6339}"
EndProject
Global
	GlobalSection(SolutionConfigurationPlatforms) = preSolution
		Debug|Any CPU = Debug|Any CPU
		Release|Any CPU = Release|Any CPU
	EndGlobalSection
	GlobalSection(ProjectConfigurationPlatforms) = postSolution
		{45FC556E-3DC9-B9AE-3534-7DF929802128}.Debug|Any CPU.ActiveCfg = Debug|Any CPU
		{45FC556E-3DC9-B9AE-3534-7DF929802128}.Debug|Any CPU.Build.0 = Debug|Any CPU
		{45FC556E-3DC9-B9AE-3534-7DF929802128}.Release|Any CPU.ActiveCfg = Release|Any CPU
		{45FC556E-3DC9-B9AE-3534-7DF929802128}.Release|Any CPU.Build.0 = Release|Any CPU
		{DE43098A-EC41-D233-DCF4-AC6CA345FAC1}.Debug|Any CPU.ActiveCfg = Debug|Any CPU
		{DE43098A-EC41-D233-DCF4-AC6CA345FAC1}.Debug|Any CPU.Build.0 = Debug|Any CPU
		{DE43098A-EC41-D233-DCF4-AC6CA345FAC1}.Release|Any CPU.ActiveCfg = Release|Any CPU
		{DE43098A-EC41-D233-DCF4-AC6CA345FAC1}.Release|Any CPU.Build.0 = Release|Any CPU
		{B962F7F1-89A0-CD09-4796-3C738ED72C87}.Debug|Any CPU.ActiveCfg = Debug|Any CPU
		{B962F7F1-89A0-CD09-4796-3C738ED72C87}.Debug|Any CPU.Build.0 = Debug|Any CPU
		{B962F7F1-89A0-CD09-4796-3C738ED72C87}.Release|Any CPU.ActiveCfg = Release|Any CPU
		{B962F7F1-89A0-CD09-4796-3C738ED72C87}.Release|Any CPU.Build.0 = Release|Any CPU
		{47600A9F-F9E0-003C-3CA8-DF6356CB6339}.Debug|Any CPU.ActiveCfg = Debug|Any CPU
		{47600A9F-F9E0-003C-3CA8-DF6356CB6339}.Debug|Any CPU.Build.0 = Debug|Any CPU
		{47600A9F-F9E0-003C-3CA8-DF6356CB6339}.Release|Any CPU.ActiveCfg = Release|Any CPU
		{47600A9F-F9E0-003C-3CA8-DF6356CB6339}.Release|Any CPU.Build.0 = Release|Any CPU
	EndGlobalSection
	GlobalSection(SolutionProperties) = preSolution
		HideSolutionNode = FALSE
	EndGlobalSection
																						GlobalSection(MonoDevelopProperties) = preSolution
		StartupItem = Assembly-CSharp.csproj
		Policies = $0
		$0.TextStylePolicy = $1
		$1.inheritsSet = null
		$1.scope = text/x-csharp
		$0.CSharpFormattingPolicy = $2
		$2.inheritsSet = Mono
		$2.inheritsScope = text/x-csharp
		$2.scope = text/x-csharp
		$0.TextStylePolicy = $3
		$3.FileWidth = 120
		$3.TabWidth = 4
		$3.EolMarker = Unix
		$3.inheritsSet = Mono
		$3.inheritsScope = text/plain
		$3.scope = text/plain
	EndGlobalSection

EndGlobal
