Microsoft Visual Studio Solution File, Format Version 11.00
# Visual Studio 2008

Project("{70B247CB-7BFB-34C7-3B0E-FE026537A354}") = "Fyp 16-1-2015 1745 Neo work add skill", "Assembly-CSharp-firstpass.csproj", "{E8485715-39CA-ABE7-71B1-EF6918D29EFB}"
EndProject
Project("{70B247CB-7BFB-34C7-3B0E-FE026537A354}") = "Fyp 16-1-2015 1745 Neo work add skill", "Assembly-UnityScript-firstpass.unityproj", "{C4F28506-156B-C8BE-C621-F771192AE607}"
EndProject
Project("{70B247CB-7BFB-34C7-3B0E-FE026537A354}") = "Fyp 16-1-2015 1745 Neo work add skill", "Assembly-UnityScript.unityproj", "{3D9F7B7B-EB5D-1B8A-AC49-B831F771B319}"
EndProject
Global
	GlobalSection(SolutionConfigurationPlatforms) = preSolution
		Debug|Any CPU = Debug|Any CPU
		Release|Any CPU = Release|Any CPU
	EndGlobalSection
	GlobalSection(ProjectConfigurationPlatforms) = postSolution
		{E8485715-39CA-ABE7-71B1-EF6918D29EFB}.Debug|Any CPU.ActiveCfg = Debug|Any CPU
		{E8485715-39CA-ABE7-71B1-EF6918D29EFB}.Debug|Any CPU.Build.0 = Debug|Any CPU
		{E8485715-39CA-ABE7-71B1-EF6918D29EFB}.Release|Any CPU.ActiveCfg = Release|Any CPU
		{E8485715-39CA-ABE7-71B1-EF6918D29EFB}.Release|Any CPU.Build.0 = Release|Any CPU
		{C4F28506-156B-C8BE-C621-F771192AE607}.Debug|Any CPU.ActiveCfg = Debug|Any CPU
		{C4F28506-156B-C8BE-C621-F771192AE607}.Debug|Any CPU.Build.0 = Debug|Any CPU
		{C4F28506-156B-C8BE-C621-F771192AE607}.Release|Any CPU.ActiveCfg = Release|Any CPU
		{C4F28506-156B-C8BE-C621-F771192AE607}.Release|Any CPU.Build.0 = Release|Any CPU
		{3D9F7B7B-EB5D-1B8A-AC49-B831F771B319}.Debug|Any CPU.ActiveCfg = Debug|Any CPU
		{3D9F7B7B-EB5D-1B8A-AC49-B831F771B319}.Debug|Any CPU.Build.0 = Debug|Any CPU
		{3D9F7B7B-EB5D-1B8A-AC49-B831F771B319}.Release|Any CPU.ActiveCfg = Release|Any CPU
		{3D9F7B7B-EB5D-1B8A-AC49-B831F771B319}.Release|Any CPU.Build.0 = Release|Any CPU
	EndGlobalSection
	GlobalSection(SolutionProperties) = preSolution
		HideSolutionNode = FALSE
	EndGlobalSection
																	GlobalSection(MonoDevelopProperties) = preSolution
		StartupItem = Assembly-CSharp.csproj
		Policies = $0
		$0.TextStylePolicy = $1
		$1.inheritsSet = null
		$1.scope = text/x-csharp
		$0.CSharpFormattingPolicy = $2
		$2.inheritsSet = Mono
		$2.inheritsScope = text/x-csharp
		$2.scope = text/x-csharp
		$0.TextStylePolicy = $3
		$3.FileWidth = 120
		$3.TabWidth = 4
		$3.EolMarker = Unix
		$3.inheritsSet = Mono
		$3.inheritsScope = text/plain
		$3.scope = text/plain
	EndGlobalSection

EndGlobal
