Microsoft Visual Studio Solution File, Format Version 11.00
# Visual Studio 2008

Project("{65DB0DD4-31ED-1D3C-5130-482691B3325D}") = "Fyp 3-3-2015 1235 private UI", "Assembly-CSharp-firstpass-vs.csproj", "{8BEE84BE-C69B-BA92-6812-2F8C45F6376D}"
EndProject
Project("{65DB0DD4-31ED-1D3C-5130-482691B3325D}") = "Fyp 3-3-2015 1235 private UI", "Assembly-CSharp-vs.csproj", "{4C5890EF-69FD-0DF0-B952-80FA180C702D}"
EndProject
Global
	GlobalSection(SolutionConfigurationPlatforms) = preSolution
		Debug|Any CPU = Debug|Any CPU
		Release|Any CPU = Release|Any CPU
	EndGlobalSection
	GlobalSection(ProjectConfigurationPlatforms) = postSolution
		{8BEE84BE-C69B-BA92-6812-2F8C45F6376D}.Debug|Any CPU.ActiveCfg = Debug|Any CPU
		{8BEE84BE-C69B-BA92-6812-2F8C45F6376D}.Debug|Any CPU.Build.0 = Debug|Any CPU
		{8BEE84BE-C69B-BA92-6812-2F8C45F6376D}.Release|Any CPU.ActiveCfg = Release|Any CPU
		{8BEE84BE-C69B-BA92-6812-2F8C45F6376D}.Release|Any CPU.Build.0 = Release|Any CPU
		{4C5890EF-69FD-0DF0-B952-80FA180C702D}.Debug|Any CPU.ActiveCfg = Debug|Any CPU
		{4C5890EF-69FD-0DF0-B952-80FA180C702D}.Debug|Any CPU.Build.0 = Debug|Any CPU
		{4C5890EF-69FD-0DF0-B952-80FA180C702D}.Release|Any CPU.ActiveCfg = Release|Any CPU
		{4C5890EF-69FD-0DF0-B952-80FA180C702D}.Release|Any CPU.Build.0 = Release|Any CPU
	EndGlobalSection
	GlobalSection(SolutionProperties) = preSolution
		HideSolutionNode = FALSE
	EndGlobalSection
															GlobalSection(MonoDevelopProperties) = preSolution
		StartupItem = Assembly-CSharp.csproj
		Policies = $0
		$0.TextStylePolicy = $1
		$1.inheritsSet = null
		$1.scope = text/x-csharp
		$0.CSharpFormattingPolicy = $2
		$2.inheritsSet = Mono
		$2.inheritsScope = text/x-csharp
		$2.scope = text/x-csharp
		$0.TextStylePolicy = $3
		$3.FileWidth = 120
		$3.TabWidth = 4
		$3.EolMarker = Unix
		$3.inheritsSet = Mono
		$3.inheritsScope = text/plain
		$3.scope = text/plain
	EndGlobalSection

EndGlobal
