Microsoft Visual Studio Solution File, Format Version 11.00
# Visual Studio 2008

Project("{6B692789-1AB4-B611-5C99-076049BBA135}") = "Fyp 06-05-2015-0212 designing skill info", "Assembly-CSharp-firstpass-vs.csproj", "{607C2AFB-380C-B95D-AEB3-BB701321E664}"
EndProject
Project("{6B692789-1AB4-B611-5C99-076049BBA135}") = "Fyp 06-05-2015-0212 designing skill info", "Assembly-CSharp-vs.csproj", "{0245C5CA-4D93-7135-A3F7-558A3A897495}"
EndProject
Global
	GlobalSection(SolutionConfigurationPlatforms) = preSolution
		Debug|Any CPU = Debug|Any CPU
		Release|Any CPU = Release|Any CPU
	EndGlobalSection
	GlobalSection(ProjectConfigurationPlatforms) = postSolution
		{607C2AFB-380C-B95D-AEB3-BB701321E664}.Debug|Any CPU.ActiveCfg = Debug|Any CPU
		{607C2AFB-380C-B95D-AEB3-BB701321E664}.Debug|Any CPU.Build.0 = Debug|Any CPU
		{607C2AFB-380C-B95D-AEB3-BB701321E664}.Release|Any CPU.ActiveCfg = Release|Any CPU
		{607C2AFB-380C-B95D-AEB3-BB701321E664}.Release|Any CPU.Build.0 = Release|Any CPU
		{0245C5CA-4D93-7135-A3F7-558A3A897495}.Debug|Any CPU.ActiveCfg = Debug|Any CPU
		{0245C5CA-4D93-7135-A3F7-558A3A897495}.Debug|Any CPU.Build.0 = Debug|Any CPU
		{0245C5CA-4D93-7135-A3F7-558A3A897495}.Release|Any CPU.ActiveCfg = Release|Any CPU
		{0245C5CA-4D93-7135-A3F7-558A3A897495}.Release|Any CPU.Build.0 = Release|Any CPU
	EndGlobalSection
	GlobalSection(SolutionProperties) = preSolution
		HideSolutionNode = FALSE
	EndGlobalSection
		GlobalSection(MonoDevelopProperties) = preSolution
		StartupItem = Assembly-CSharp.csproj
		Policies = $0
		$0.TextStylePolicy = $1
		$1.inheritsSet = null
		$1.scope = text/x-csharp
		$0.CSharpFormattingPolicy = $2
		$2.inheritsSet = Mono
		$2.inheritsScope = text/x-csharp
		$2.scope = text/x-csharp
		$0.TextStylePolicy = $3
		$3.FileWidth = 120
		$3.TabWidth = 4
		$3.EolMarker = Unix
		$3.inheritsSet = Mono
		$3.inheritsScope = text/plain
		$3.scope = text/plain
	EndGlobalSection

EndGlobal
