Microsoft Visual Studio Solution File, Format Version 11.00
# Visual Studio 2008

Project("{E7D1B1BF-427A-2C58-4AA4-A5F98C375715}") = "Fyp 05-04-2015 dead bug deleted", "Assembly-CSharp-firstpass.csproj", "{AFA95AD1-5647-F76F-9A3E-F393BEBD859C}"
EndProject
Project("{E7D1B1BF-427A-2C58-4AA4-A5F98C375715}") = "Fyp 05-04-2015 dead bug deleted", "Assembly-CSharp.csproj", "{7607EDFB-F0B7-5F34-EC9E-5E8B3C93E42C}"
EndProject
Project("{E7D1B1BF-427A-2C58-4AA4-A5F98C375715}") = "Fyp 05-04-2015 dead bug deleted", "Assembly-UnityScript-firstpass.unityproj", "{781AA458-156E-10EB-1DC4-3EDFE52DDDAA}"
EndProject
Project("{E7D1B1BF-427A-2C58-4AA4-A5F98C375715}") = "Fyp 05-04-2015 dead bug deleted", "Assembly-UnityScript.unityproj", "{801ACE62-70C1-B9C9-B357-7955F25761FA}"
EndProject
Global
	GlobalSection(SolutionConfigurationPlatforms) = preSolution
		Debug|Any CPU = Debug|Any CPU
		Release|Any CPU = Release|Any CPU
	EndGlobalSection
	GlobalSection(ProjectConfigurationPlatforms) = postSolution
		{AFA95AD1-5647-F76F-9A3E-F393BEBD859C}.Debug|Any CPU.ActiveCfg = Debug|Any CPU
		{AFA95AD1-5647-F76F-9A3E-F393BEBD859C}.Debug|Any CPU.Build.0 = Debug|Any CPU
		{AFA95AD1-5647-F76F-9A3E-F393BEBD859C}.Release|Any CPU.ActiveCfg = Release|Any CPU
		{AFA95AD1-5647-F76F-9A3E-F393BEBD859C}.Release|Any CPU.Build.0 = Release|Any CPU
		{7607EDFB-F0B7-5F34-EC9E-5E8B3C93E42C}.Debug|Any CPU.ActiveCfg = Debug|Any CPU
		{7607EDFB-F0B7-5F34-EC9E-5E8B3C93E42C}.Debug|Any CPU.Build.0 = Debug|Any CPU
		{7607EDFB-F0B7-5F34-EC9E-5E8B3C93E42C}.Release|Any CPU.ActiveCfg = Release|Any CPU
		{7607EDFB-F0B7-5F34-EC9E-5E8B3C93E42C}.Release|Any CPU.Build.0 = Release|Any CPU
		{781AA458-156E-10EB-1DC4-3EDFE52DDDAA}.Debug|Any CPU.ActiveCfg = Debug|Any CPU
		{781AA458-156E-10EB-1DC4-3EDFE52DDDAA}.Debug|Any CPU.Build.0 = Debug|Any CPU
		{781AA458-156E-10EB-1DC4-3EDFE52DDDAA}.Release|Any CPU.ActiveCfg = Release|Any CPU
		{781AA458-156E-10EB-1DC4-3EDFE52DDDAA}.Release|Any CPU.Build.0 = Release|Any CPU
		{801ACE62-70C1-B9C9-B357-7955F25761FA}.Debug|Any CPU.ActiveCfg = Debug|Any CPU
		{801ACE62-70C1-B9C9-B357-7955F25761FA}.Debug|Any CPU.Build.0 = Debug|Any CPU
		{801ACE62-70C1-B9C9-B357-7955F25761FA}.Release|Any CPU.ActiveCfg = Release|Any CPU
		{801ACE62-70C1-B9C9-B357-7955F25761FA}.Release|Any CPU.Build.0 = Release|Any CPU
	EndGlobalSection
	GlobalSection(SolutionProperties) = preSolution
		HideSolutionNode = FALSE
	EndGlobalSection
				GlobalSection(MonoDevelopProperties) = preSolution
		StartupItem = Assembly-CSharp.csproj
		Policies = $0
		$0.TextStylePolicy = $1
		$1.inheritsSet = null
		$1.scope = text/x-csharp
		$0.CSharpFormattingPolicy = $2
		$2.inheritsSet = Mono
		$2.inheritsScope = text/x-csharp
		$2.scope = text/x-csharp
		$0.TextStylePolicy = $3
		$3.FileWidth = 120
		$3.TabWidth = 4
		$3.EolMarker = Unix
		$3.inheritsSet = Mono
		$3.inheritsScope = text/plain
		$3.scope = text/plain
	EndGlobalSection

EndGlobal
