Microsoft Visual Studio Solution File, Format Version 11.00
# Visual Studio 2008

Project("{9D540BF0-C7BF-0138-36E9-89F0B3D42165}") = "Fyp 20-3-2015 1924 info show", "Assembly-CSharp-firstpass.csproj", "{387A7D5A-7115-642D-50B8-09141C6B3EE5}"
EndProject
Project("{9D540BF0-C7BF-0138-36E9-89F0B3D42165}") = "Fyp 20-3-2015 1924 info show", "Assembly-CSharp.csproj", "{316C7E30-20BA-741F-07A3-CCD7CED0A3EE}"
EndProject
Project("{9D540BF0-C7BF-0138-36E9-89F0B3D42165}") = "Fyp 20-3-2015 1924 info show", "Assembly-UnityScript-firstpass.unityproj", "{163FDAE7-D209-9E2E-F527-3C4BFEE28B8B}"
EndProject
Project("{9D540BF0-C7BF-0138-36E9-89F0B3D42165}") = "Fyp 20-3-2015 1924 info show", "Assembly-UnityScript.unityproj", "{1825A006-6D60-C2D0-EE8E-70E8C4302D74}"
EndProject
Global
	GlobalSection(SolutionConfigurationPlatforms) = preSolution
		Debug|Any CPU = Debug|Any CPU
		Release|Any CPU = Release|Any CPU
	EndGlobalSection
	GlobalSection(ProjectConfigurationPlatforms) = postSolution
		{387A7D5A-7115-642D-50B8-09141C6B3EE5}.Debug|Any CPU.ActiveCfg = Debug|Any CPU
		{387A7D5A-7115-642D-50B8-09141C6B3EE5}.Debug|Any CPU.Build.0 = Debug|Any CPU
		{387A7D5A-7115-642D-50B8-09141C6B3EE5}.Release|Any CPU.ActiveCfg = Release|Any CPU
		{387A7D5A-7115-642D-50B8-09141C6B3EE5}.Release|Any CPU.Build.0 = Release|Any CPU
		{316C7E30-20BA-741F-07A3-CCD7CED0A3EE}.Debug|Any CPU.ActiveCfg = Debug|Any CPU
		{316C7E30-20BA-741F-07A3-CCD7CED0A3EE}.Debug|Any CPU.Build.0 = Debug|Any CPU
		{316C7E30-20BA-741F-07A3-CCD7CED0A3EE}.Release|Any CPU.ActiveCfg = Release|Any CPU
		{316C7E30-20BA-741F-07A3-CCD7CED0A3EE}.Release|Any CPU.Build.0 = Release|Any CPU
		{163FDAE7-D209-9E2E-F527-3C4BFEE28B8B}.Debug|Any CPU.ActiveCfg = Debug|Any CPU
		{163FDAE7-D209-9E2E-F527-3C4BFEE28B8B}.Debug|Any CPU.Build.0 = Debug|Any CPU
		{163FDAE7-D209-9E2E-F527-3C4BFEE28B8B}.Release|Any CPU.ActiveCfg = Release|Any CPU
		{163FDAE7-D209-9E2E-F527-3C4BFEE28B8B}.Release|Any CPU.Build.0 = Release|Any CPU
		{1825A006-6D60-C2D0-EE8E-70E8C4302D74}.Debug|Any CPU.ActiveCfg = Debug|Any CPU
		{1825A006-6D60-C2D0-EE8E-70E8C4302D74}.Debug|Any CPU.Build.0 = Debug|Any CPU
		{1825A006-6D60-C2D0-EE8E-70E8C4302D74}.Release|Any CPU.ActiveCfg = Release|Any CPU
		{1825A006-6D60-C2D0-EE8E-70E8C4302D74}.Release|Any CPU.Build.0 = Release|Any CPU
	EndGlobalSection
	GlobalSection(SolutionProperties) = preSolution
		HideSolutionNode = FALSE
	EndGlobalSection
										GlobalSection(MonoDevelopProperties) = preSolution
		StartupItem = Assembly-CSharp.csproj
		Policies = $0
		$0.TextStylePolicy = $1
		$1.inheritsSet = null
		$1.scope = text/x-csharp
		$0.CSharpFormattingPolicy = $2
		$2.inheritsSet = Mono
		$2.inheritsScope = text/x-csharp
		$2.scope = text/x-csharp
		$0.TextStylePolicy = $3
		$3.FileWidth = 120
		$3.TabWidth = 4
		$3.EolMarker = Unix
		$3.inheritsSet = Mono
		$3.inheritsScope = text/plain
		$3.scope = text/plain
	EndGlobalSection

EndGlobal
