Microsoft Visual Studio Solution File, Format Version 11.00
# Visual Studio 2008

Project("{58F5D906-5B00-89AC-35B9-FA54A2E15EA7}") = "Fyp 12-05-2015 0309 setting skill button", "Assembly-CSharp-firstpass.csproj", "{F6210435-F85B-119F-64A4-31684E479664}"
EndProject
Project("{58F5D906-5B00-89AC-35B9-FA54A2E15EA7}") = "Fyp 12-05-2015 0309 setting skill button", "Assembly-CSharp.csproj", "{6311E593-4706-B99B-D205-4CB1C4A96129}"
EndProject
Project("{58F5D906-5B00-89AC-35B9-FA54A2E15EA7}") = "Fyp 12-05-2015 0309 setting skill button", "Assembly-UnityScript-firstpass.unityproj", "{B0C2B611-66EB-F1DC-03EF-D25F8922CF61}"
EndProject
Project("{58F5D906-5B00-89AC-35B9-FA54A2E15EA7}") = "Fyp 12-05-2015 0309 setting skill button", "Assembly-UnityScript.unityproj", "{9303CA3B-6028-3E9D-A0E0-CDC4E4A2CD78}"
EndProject
Global
	GlobalSection(SolutionConfigurationPlatforms) = preSolution
		Debug|Any CPU = Debug|Any CPU
		Release|Any CPU = Release|Any CPU
	EndGlobalSection
	GlobalSection(ProjectConfigurationPlatforms) = postSolution
		{F6210435-F85B-119F-64A4-31684E479664}.Debug|Any CPU.ActiveCfg = Debug|Any CPU
		{F6210435-F85B-119F-64A4-31684E479664}.Debug|Any CPU.Build.0 = Debug|Any CPU
		{F6210435-F85B-119F-64A4-31684E479664}.Release|Any CPU.ActiveCfg = Release|Any CPU
		{F6210435-F85B-119F-64A4-31684E479664}.Release|Any CPU.Build.0 = Release|Any CPU
		{6311E593-4706-B99B-D205-4CB1C4A96129}.Debug|Any CPU.ActiveCfg = Debug|Any CPU
		{6311E593-4706-B99B-D205-4CB1C4A96129}.Debug|Any CPU.Build.0 = Debug|Any CPU
		{6311E593-4706-B99B-D205-4CB1C4A96129}.Release|Any CPU.ActiveCfg = Release|Any CPU
		{6311E593-4706-B99B-D205-4CB1C4A96129}.Release|Any CPU.Build.0 = Release|Any CPU
		{B0C2B611-66EB-F1DC-03EF-D25F8922CF61}.Debug|Any CPU.ActiveCfg = Debug|Any CPU
		{B0C2B611-66EB-F1DC-03EF-D25F8922CF61}.Debug|Any CPU.Build.0 = Debug|Any CPU
		{B0C2B611-66EB-F1DC-03EF-D25F8922CF61}.Release|Any CPU.ActiveCfg = Release|Any CPU
		{B0C2B611-66EB-F1DC-03EF-D25F8922CF61}.Release|Any CPU.Build.0 = Release|Any CPU
		{9303CA3B-6028-3E9D-A0E0-CDC4E4A2CD78}.Debug|Any CPU.ActiveCfg = Debug|Any CPU
		{9303CA3B-6028-3E9D-A0E0-CDC4E4A2CD78}.Debug|Any CPU.Build.0 = Debug|Any CPU
		{9303CA3B-6028-3E9D-A0E0-CDC4E4A2CD78}.Release|Any CPU.ActiveCfg = Release|Any CPU
		{9303CA3B-6028-3E9D-A0E0-CDC4E4A2CD78}.Release|Any CPU.Build.0 = Release|Any CPU
	EndGlobalSection
	GlobalSection(SolutionProperties) = preSolution
		HideSolutionNode = FALSE
	EndGlobalSection
				GlobalSection(MonoDevelopProperties) = preSolution
		StartupItem = Assembly-CSharp.csproj
		Policies = $0
		$0.TextStylePolicy = $1
		$1.inheritsSet = null
		$1.scope = text/x-csharp
		$0.CSharpFormattingPolicy = $2
		$2.inheritsSet = Mono
		$2.inheritsScope = text/x-csharp
		$2.scope = text/x-csharp
		$0.TextStylePolicy = $3
		$3.FileWidth = 120
		$3.TabWidth = 4
		$3.EolMarker = Unix
		$3.inheritsSet = Mono
		$3.inheritsScope = text/plain
		$3.scope = text/plain
	EndGlobalSection

EndGlobal
