Microsoft Visual Studio Solution File, Format Version 11.00
# Visual Studio 2008

Project("{00FA1222-497B-5BFD-2FCB-5FC6041D0FBB}") = "Fyp 11-11-2014", "Assembly-CSharp-firstpass-vs.csproj", "{BB72B399-CF54-1DA5-3524-5C7D3826AFAC}"
EndProject
Global
	GlobalSection(SolutionConfigurationPlatforms) = preSolution
		Debug|Any CPU = Debug|Any CPU
		Release|Any CPU = Release|Any CPU
	EndGlobalSection
	GlobalSection(ProjectConfigurationPlatforms) = postSolution
		{BB72B399-CF54-1DA5-3524-5C7D3826AFAC}.Debug|Any CPU.ActiveCfg = Debug|Any CPU
		{BB72B399-CF54-1DA5-3524-5C7D3826AFAC}.Debug|Any CPU.Build.0 = Debug|Any CPU
		{BB72B399-CF54-1DA5-3524-5C7D3826AFAC}.Release|Any CPU.ActiveCfg = Release|Any CPU
		{BB72B399-CF54-1DA5-3524-5C7D3826AFAC}.Release|Any CPU.Build.0 = Release|Any CPU
	EndGlobalSection
	GlobalSection(SolutionProperties) = preSolution
		HideSolutionNode = FALSE
	EndGlobalSection
			GlobalSection(MonoDevelopProperties) = preSolution
		StartupItem = Assembly-CSharp.csproj
		Policies = $0
		$0.TextStylePolicy = $1
		$1.inheritsSet = null
		$1.scope = text/x-csharp
		$0.CSharpFormattingPolicy = $2
		$2.inheritsSet = Mono
		$2.inheritsScope = text/x-csharp
		$2.scope = text/x-csharp
		$0.TextStylePolicy = $3
		$3.FileWidth = 120
		$3.TabWidth = 4
		$3.EolMarker = Unix
		$3.inheritsSet = Mono
		$3.inheritsScope = text/plain
		$3.scope = text/plain
	EndGlobalSection

EndGlobal
