Microsoft Visual Studio Solution File, Format Version 11.00
# Visual Studio 2008

Project("{07A2F7F2-C21C-2ACB-8FE8-82DFD1861971}") = "Fyp 18-11-2014 Samuel work", "Assembly-CSharp-firstpass.csproj", "{25475ED7-E87C-D750-717D-139807D0AB65}"
EndProject
Project("{07A2F7F2-C21C-2ACB-8FE8-82DFD1861971}") = "Fyp 18-11-2014 Samuel work", "Assembly-UnityScript-firstpass.unityproj", "{3723D91A-DB4A-A60C-C482-84F47A0C6E5E}"
EndProject
Project("{07A2F7F2-C21C-2ACB-8FE8-82DFD1861971}") = "Fyp 18-11-2014 Samuel work", "Assembly-UnityScript.unityproj", "{9C48A0CA-4576-AE5F-C6FF-E21A19B60C03}"
EndProject
Global
	GlobalSection(SolutionConfigurationPlatforms) = preSolution
		Debug|Any CPU = Debug|Any CPU
		Release|Any CPU = Release|Any CPU
	EndGlobalSection
	GlobalSection(ProjectConfigurationPlatforms) = postSolution
		{25475ED7-E87C-D750-717D-139807D0AB65}.Debug|Any CPU.ActiveCfg = Debug|Any CPU
		{25475ED7-E87C-D750-717D-139807D0AB65}.Debug|Any CPU.Build.0 = Debug|Any CPU
		{25475ED7-E87C-D750-717D-139807D0AB65}.Release|Any CPU.ActiveCfg = Release|Any CPU
		{25475ED7-E87C-D750-717D-139807D0AB65}.Release|Any CPU.Build.0 = Release|Any CPU
		{3723D91A-DB4A-A60C-C482-84F47A0C6E5E}.Debug|Any CPU.ActiveCfg = Debug|Any CPU
		{3723D91A-DB4A-A60C-C482-84F47A0C6E5E}.Debug|Any CPU.Build.0 = Debug|Any CPU
		{3723D91A-DB4A-A60C-C482-84F47A0C6E5E}.Release|Any CPU.ActiveCfg = Release|Any CPU
		{3723D91A-DB4A-A60C-C482-84F47A0C6E5E}.Release|Any CPU.Build.0 = Release|Any CPU
		{9C48A0CA-4576-AE5F-C6FF-E21A19B60C03}.Debug|Any CPU.ActiveCfg = Debug|Any CPU
		{9C48A0CA-4576-AE5F-C6FF-E21A19B60C03}.Debug|Any CPU.Build.0 = Debug|Any CPU
		{9C48A0CA-4576-AE5F-C6FF-E21A19B60C03}.Release|Any CPU.ActiveCfg = Release|Any CPU
		{9C48A0CA-4576-AE5F-C6FF-E21A19B60C03}.Release|Any CPU.Build.0 = Release|Any CPU
	EndGlobalSection
	GlobalSection(SolutionProperties) = preSolution
		HideSolutionNode = FALSE
	EndGlobalSection
									GlobalSection(MonoDevelopProperties) = preSolution
		StartupItem = Assembly-CSharp.csproj
		Policies = $0
		$0.TextStylePolicy = $1
		$1.inheritsSet = null
		$1.scope = text/x-csharp
		$0.CSharpFormattingPolicy = $2
		$2.inheritsSet = Mono
		$2.inheritsScope = text/x-csharp
		$2.scope = text/x-csharp
		$0.TextStylePolicy = $3
		$3.FileWidth = 120
		$3.TabWidth = 4
		$3.EolMarker = Unix
		$3.inheritsSet = Mono
		$3.inheritsScope = text/plain
		$3.scope = text/plain
	EndGlobalSection

EndGlobal
