Microsoft Visual Studio Solution File, Format Version 11.00
# Visual Studio 2008

Project("{9A2AB753-6493-AB16-0141-83D249D6224C}") = "Fyp 19-1-2015 1240 walk part two + a little bit change", "Assembly-CSharp-firstpass.csproj", "{FD80B6A0-F1D7-D2E8-ADDF-FB61E4CF0450}"
EndProject
Project("{9A2AB753-6493-AB16-0141-83D249D6224C}") = "Fyp 19-1-2015 1240 walk part two + a little bit change", "Assembly-UnityScript-firstpass.unityproj", "{FA8B26E8-1CCD-3F6A-3962-FE5BC72C6CBF}"
EndProject
Project("{9A2AB753-6493-AB16-0141-83D249D6224C}") = "Fyp 19-1-2015 1240 walk part two + a little bit change", "Assembly-UnityScript.unityproj", "{0B80C85B-90F2-F737-F856-6DEBF90C80AB}"
EndProject
Global
	GlobalSection(SolutionConfigurationPlatforms) = preSolution
		Debug|Any CPU = Debug|Any CPU
		Release|Any CPU = Release|Any CPU
	EndGlobalSection
	GlobalSection(ProjectConfigurationPlatforms) = postSolution
		{FD80B6A0-F1D7-D2E8-ADDF-FB61E4CF0450}.Debug|Any CPU.ActiveCfg = Debug|Any CPU
		{FD80B6A0-F1D7-D2E8-ADDF-FB61E4CF0450}.Debug|Any CPU.Build.0 = Debug|Any CPU
		{FD80B6A0-F1D7-D2E8-ADDF-FB61E4CF0450}.Release|Any CPU.ActiveCfg = Release|Any CPU
		{FD80B6A0-F1D7-D2E8-ADDF-FB61E4CF0450}.Release|Any CPU.Build.0 = Release|Any CPU
		{FA8B26E8-1CCD-3F6A-3962-FE5BC72C6CBF}.Debug|Any CPU.ActiveCfg = Debug|Any CPU
		{FA8B26E8-1CCD-3F6A-3962-FE5BC72C6CBF}.Debug|Any CPU.Build.0 = Debug|Any CPU
		{FA8B26E8-1CCD-3F6A-3962-FE5BC72C6CBF}.Release|Any CPU.ActiveCfg = Release|Any CPU
		{FA8B26E8-1CCD-3F6A-3962-FE5BC72C6CBF}.Release|Any CPU.Build.0 = Release|Any CPU
		{0B80C85B-90F2-F737-F856-6DEBF90C80AB}.Debug|Any CPU.ActiveCfg = Debug|Any CPU
		{0B80C85B-90F2-F737-F856-6DEBF90C80AB}.Debug|Any CPU.Build.0 = Debug|Any CPU
		{0B80C85B-90F2-F737-F856-6DEBF90C80AB}.Release|Any CPU.ActiveCfg = Release|Any CPU
		{0B80C85B-90F2-F737-F856-6DEBF90C80AB}.Release|Any CPU.Build.0 = Release|Any CPU
	EndGlobalSection
	GlobalSection(SolutionProperties) = preSolution
		HideSolutionNode = FALSE
	EndGlobalSection
				GlobalSection(MonoDevelopProperties) = preSolution
		StartupItem = Assembly-CSharp.csproj
		Policies = $0
		$0.TextStylePolicy = $1
		$1.inheritsSet = null
		$1.scope = text/x-csharp
		$0.CSharpFormattingPolicy = $2
		$2.inheritsSet = Mono
		$2.inheritsScope = text/x-csharp
		$2.scope = text/x-csharp
		$0.TextStylePolicy = $3
		$3.FileWidth = 120
		$3.TabWidth = 4
		$3.EolMarker = Unix
		$3.inheritsSet = Mono
		$3.inheritsScope = text/plain
		$3.scope = text/plain
	EndGlobalSection

EndGlobal
