Microsoft Visual Studio Solution File, Format Version 11.00
# Visual Studio 2008

Project("{9BD37F4B-81AD-61C6-2D41-C897A0D35268}") = "FYP", "Assembly-CSharp-firstpass.csproj", "{6A904D73-A3B6-619A-2A51-34DD40C05163}"
EndProject
Project("{9BD37F4B-81AD-61C6-2D41-C897A0D35268}") = "FYP", "Assembly-CSharp.csproj", "{4C363F3F-15D1-DCA8-F7C9-3AF0D0F4CB5F}"
EndProject
Project("{9BD37F4B-81AD-61C6-2D41-C897A0D35268}") = "FYP", "Assembly-UnityScript-firstpass.unityproj", "{0793712C-EEA4-B7B0-6CA6-DFF5F8D8D231}"
EndProject
Project("{9BD37F4B-81AD-61C6-2D41-C897A0D35268}") = "FYP", "Assembly-UnityScript.unityproj", "{D5C0B32F-5B41-02B5-4924-FDE087072564}"
EndProject
Global
	GlobalSection(SolutionConfigurationPlatforms) = preSolution
		Debug|Any CPU = Debug|Any CPU
		Release|Any CPU = Release|Any CPU
	EndGlobalSection
	GlobalSection(ProjectConfigurationPlatforms) = postSolution
		{6A904D73-A3B6-619A-2A51-34DD40C05163}.Debug|Any CPU.ActiveCfg = Debug|Any CPU
		{6A904D73-A3B6-619A-2A51-34DD40C05163}.Debug|Any CPU.Build.0 = Debug|Any CPU
		{6A904D73-A3B6-619A-2A51-34DD40C05163}.Release|Any CPU.ActiveCfg = Release|Any CPU
		{6A904D73-A3B6-619A-2A51-34DD40C05163}.Release|Any CPU.Build.0 = Release|Any CPU
		{4C363F3F-15D1-DCA8-F7C9-3AF0D0F4CB5F}.Debug|Any CPU.ActiveCfg = Debug|Any CPU
		{4C363F3F-15D1-DCA8-F7C9-3AF0D0F4CB5F}.Debug|Any CPU.Build.0 = Debug|Any CPU
		{4C363F3F-15D1-DCA8-F7C9-3AF0D0F4CB5F}.Release|Any CPU.ActiveCfg = Release|Any CPU
		{4C363F3F-15D1-DCA8-F7C9-3AF0D0F4CB5F}.Release|Any CPU.Build.0 = Release|Any CPU
		{0793712C-EEA4-B7B0-6CA6-DFF5F8D8D231}.Debug|Any CPU.ActiveCfg = Debug|Any CPU
		{0793712C-EEA4-B7B0-6CA6-DFF5F8D8D231}.Debug|Any CPU.Build.0 = Debug|Any CPU
		{0793712C-EEA4-B7B0-6CA6-DFF5F8D8D231}.Release|Any CPU.ActiveCfg = Release|Any CPU
		{0793712C-EEA4-B7B0-6CA6-DFF5F8D8D231}.Release|Any CPU.Build.0 = Release|Any CPU
		{D5C0B32F-5B41-02B5-4924-FDE087072564}.Debug|Any CPU.ActiveCfg = Debug|Any CPU
		{D5C0B32F-5B41-02B5-4924-FDE087072564}.Debug|Any CPU.Build.0 = Debug|Any CPU
		{D5C0B32F-5B41-02B5-4924-FDE087072564}.Release|Any CPU.ActiveCfg = Release|Any CPU
		{D5C0B32F-5B41-02B5-4924-FDE087072564}.Release|Any CPU.Build.0 = Release|Any CPU
	EndGlobalSection
	GlobalSection(SolutionProperties) = preSolution
		HideSolutionNode = FALSE
	EndGlobalSection
	GlobalSection(MonoDevelopProperties) = preSolution
		StartupItem = Assembly-CSharp.csproj
		Policies = $0
		$0.TextStylePolicy = $1
		$1.inheritsSet = null
		$1.scope = text/x-csharp
		$0.CSharpFormattingPolicy = $2
		$2.inheritsSet = Mono
		$2.inheritsScope = text/x-csharp
		$2.scope = text/x-csharp
		$0.TextStylePolicy = $3
		$3.FileWidth = 120
		$3.TabWidth = 4
		$3.EolMarker = Unix
		$3.inheritsSet = Mono
		$3.inheritsScope = text/plain
		$3.scope = text/plain
	EndGlobalSection
EndGlobal
