Microsoft Visual Studio Solution File, Format Version 11.00
# Visual Studio 2008

Project("{34492C1B-F0F6-F73F-99B2-42F194045E18}") = "Fyp17-04-2015 1906 give Keo", "Assembly-CSharp-firstpass.csproj", "{1B906CDC-A374-D60E-6920-461E7578CAA9}"
EndProject
Project("{34492C1B-F0F6-F73F-99B2-42F194045E18}") = "Fyp17-04-2015 1906 give Keo", "Assembly-CSharp.csproj", "{788225DA-98E5-E902-A3DD-F97B55037055}"
EndProject
Project("{34492C1B-F0F6-F73F-99B2-42F194045E18}") = "Fyp17-04-2015 1906 give Keo", "Assembly-UnityScript-firstpass.unityproj", "{BFE4A77D-57A0-091C-8012-1EC3DB031B78}"
EndProject
Project("{34492C1B-F0F6-F73F-99B2-42F194045E18}") = "Fyp17-04-2015 1906 give Keo", "Assembly-UnityScript.unityproj", "{2E4E09B4-1435-1B10-DDF9-E00E5FCD1BA4}"
EndProject
Global
	GlobalSection(SolutionConfigurationPlatforms) = preSolution
		Debug|Any CPU = Debug|Any CPU
		Release|Any CPU = Release|Any CPU
	EndGlobalSection
	GlobalSection(ProjectConfigurationPlatforms) = postSolution
		{1B906CDC-A374-D60E-6920-461E7578CAA9}.Debug|Any CPU.ActiveCfg = Debug|Any CPU
		{1B906CDC-A374-D60E-6920-461E7578CAA9}.Debug|Any CPU.Build.0 = Debug|Any CPU
		{1B906CDC-A374-D60E-6920-461E7578CAA9}.Release|Any CPU.ActiveCfg = Release|Any CPU
		{1B906CDC-A374-D60E-6920-461E7578CAA9}.Release|Any CPU.Build.0 = Release|Any CPU
		{788225DA-98E5-E902-A3DD-F97B55037055}.Debug|Any CPU.ActiveCfg = Debug|Any CPU
		{788225DA-98E5-E902-A3DD-F97B55037055}.Debug|Any CPU.Build.0 = Debug|Any CPU
		{788225DA-98E5-E902-A3DD-F97B55037055}.Release|Any CPU.ActiveCfg = Release|Any CPU
		{788225DA-98E5-E902-A3DD-F97B55037055}.Release|Any CPU.Build.0 = Release|Any CPU
		{BFE4A77D-57A0-091C-8012-1EC3DB031B78}.Debug|Any CPU.ActiveCfg = Debug|Any CPU
		{BFE4A77D-57A0-091C-8012-1EC3DB031B78}.Debug|Any CPU.Build.0 = Debug|Any CPU
		{BFE4A77D-57A0-091C-8012-1EC3DB031B78}.Release|Any CPU.ActiveCfg = Release|Any CPU
		{BFE4A77D-57A0-091C-8012-1EC3DB031B78}.Release|Any CPU.Build.0 = Release|Any CPU
		{2E4E09B4-1435-1B10-DDF9-E00E5FCD1BA4}.Debug|Any CPU.ActiveCfg = Debug|Any CPU
		{2E4E09B4-1435-1B10-DDF9-E00E5FCD1BA4}.Debug|Any CPU.Build.0 = Debug|Any CPU
		{2E4E09B4-1435-1B10-DDF9-E00E5FCD1BA4}.Release|Any CPU.ActiveCfg = Release|Any CPU
		{2E4E09B4-1435-1B10-DDF9-E00E5FCD1BA4}.Release|Any CPU.Build.0 = Release|Any CPU
	EndGlobalSection
	GlobalSection(SolutionProperties) = preSolution
		HideSolutionNode = FALSE
	EndGlobalSection
	GlobalSection(MonoDevelopProperties) = preSolution
		StartupItem = Assembly-CSharp.csproj
		Policies = $0
		$0.TextStylePolicy = $1
		$1.inheritsSet = null
		$1.scope = text/x-csharp
		$0.CSharpFormattingPolicy = $2
		$2.inheritsSet = Mono
		$2.inheritsScope = text/x-csharp
		$2.scope = text/x-csharp
		$0.TextStylePolicy = $3
		$3.FileWidth = 120
		$3.TabWidth = 4
		$3.EolMarker = Unix
		$3.inheritsSet = Mono
		$3.inheritsScope = text/plain
		$3.scope = text/plain
	EndGlobalSection
EndGlobal
